
Microsoft Visual Studio Solution File, Format Version 12.00
# Visual Studio Version 17
VisualStudioVersion = 17.5.002.0
MinimumVisualStudioVersion = 10.0.40219.1
Project("{9A19103F-16F7-4668-BE54-9A1E7A4F7556}") = "pdfmerger", "pdfmerger.csproj", "{BA1B380A-6FC6-434A-8147-2FC1E1F9207D}"
EndProject
Global
	GlobalSection(SolutionConfigurationPlatforms) = preSolution
		Debug|Any CPU = Debug|Any CPU
		Release|Any CPU = Release|Any CPU
	EndGlobalSection
	GlobalSection(ProjectConfigurationPlatforms) = postSolution
		{BA1B380A-6FC6-434A-8147-2FC1E1F9207D}.Debug|Any CPU.ActiveCfg = Debug|Any CPU
		{BA1B380A-6FC6-434A-8147-2FC1E1F9207D}.Debug|Any CPU.Build.0 = Debug|Any CPU
		{BA1B380A-6FC6-434A-8147-2FC1E1F9207D}.Release|Any CPU.ActiveCfg = Release|Any CPU
		{BA1B380A-6FC6-434A-8147-2FC1E1F9207D}.Release|Any CPU.Build.0 = Release|Any CPU
	EndGlobalSection
	GlobalSection(SolutionProperties) = preSolution
		HideSolutionNode = FALSE
	EndGlobalSection
	GlobalSection(ExtensibilityGlobals) = postSolution
		SolutionGuid = {5C94397E-431C-4464-AB49-3D10F9CEF0B6}
	EndGlobalSection
EndGlobal
